
Microsoft Visual Studio Solution File, Format Version 12.00
# Visual Studio Version 17
VisualStudioVersion = 17.4.33213.308
MinimumVisualStudioVersion = 10.0.40219.1
Project("{9A19103F-16F7-4668-BE54-9A1E7A4F7556}") = "DocumentTagger", "DocumentTagger.csproj", "{F7CD0C8D-D474-4A0D-9A0D-58A8BBE5E8FF}"
EndProject
Project("{9A19103F-16F7-4668-BE54-9A1E7A4F7556}") = "DocumentTaggerTests", "..\DocumentTaggerTests\DocumentTaggerTests.csproj", "{E4299975-A275-4AD9-8748-7A4737F8699E}"
EndProject
Project("{9A19103F-16F7-4668-BE54-9A1E7A4F7556}") = "DocCompressor", "..\DocCompressor\DocCompressor.csproj", "{BD1EB688-AA3C-4666-B037-46557563418A}"
EndProject
Project("{FAE04EC0-301F-11D3-BF4B-00C04F79EFBC}") = "DocumentTaggerCore", "..\DocumentTaggerCore\DocumentTaggerCore.csproj", "{FCEAA2F0-4614-4A61-BE06-1F8D955248C3}"
EndProject
Global
	GlobalSection(SolutionConfigurationPlatforms) = preSolution
		Debug|Any CPU = Debug|Any CPU
		Release|Any CPU = Release|Any CPU
	EndGlobalSection
	GlobalSection(ProjectConfigurationPlatforms) = postSolution
		{F7CD0C8D-D474-4A0D-9A0D-58A8BBE5E8FF}.Debug|Any CPU.ActiveCfg = Debug|Any CPU
		{F7CD0C8D-D474-4A0D-9A0D-58A8BBE5E8FF}.Debug|Any CPU.Build.0 = Debug|Any CPU
		{F7CD0C8D-D474-4A0D-9A0D-58A8BBE5E8FF}.Release|Any CPU.ActiveCfg = Release|Any CPU
		{F7CD0C8D-D474-4A0D-9A0D-58A8BBE5E8FF}.Release|Any CPU.Build.0 = Release|Any CPU
		{E4299975-A275-4AD9-8748-7A4737F8699E}.Debug|Any CPU.ActiveCfg = Debug|Any CPU
		{E4299975-A275-4AD9-8748-7A4737F8699E}.Debug|Any CPU.Build.0 = Debug|Any CPU
		{E4299975-A275-4AD9-8748-7A4737F8699E}.Release|Any CPU.ActiveCfg = Release|Any CPU
		{E4299975-A275-4AD9-8748-7A4737F8699E}.Release|Any CPU.Build.0 = Release|Any CPU
		{BD1EB688-AA3C-4666-B037-46557563418A}.Debug|Any CPU.ActiveCfg = Debug|Any CPU
		{BD1EB688-AA3C-4666-B037-46557563418A}.Debug|Any CPU.Build.0 = Debug|Any CPU
		{BD1EB688-AA3C-4666-B037-46557563418A}.Release|Any CPU.ActiveCfg = Release|Any CPU
		{BD1EB688-AA3C-4666-B037-46557563418A}.Release|Any CPU.Build.0 = Release|Any CPU
		{FCEAA2F0-4614-4A61-BE06-1F8D955248C3}.Debug|Any CPU.ActiveCfg = Debug|Any CPU
		{FCEAA2F0-4614-4A61-BE06-1F8D955248C3}.Debug|Any CPU.Build.0 = Debug|Any CPU
		{FCEAA2F0-4614-4A61-BE06-1F8D955248C3}.Release|Any CPU.ActiveCfg = Release|Any CPU
		{FCEAA2F0-4614-4A61-BE06-1F8D955248C3}.Release|Any CPU.Build.0 = Release|Any CPU
	EndGlobalSection
	GlobalSection(SolutionProperties) = preSolution
		HideSolutionNode = FALSE
	EndGlobalSection
	GlobalSection(ExtensibilityGlobals) = postSolution
		SolutionGuid = {423FDB1C-4F93-411B-87A0-500099A5C2E9}
	EndGlobalSection
EndGlobal
